{
    "_readme": [
        "This file locks the dependencies of your project to a known state",
        "Read more about it at https://getcomposer.org/doc/01-basic-usage.md#installing-dependencies",
        "This file is @generated automatically"
    ],
    "content-hash": "fe051a363bc193ca2c7ac6332cef0995",
    "packages": [
        {
            "name": "nikic/fast-route",
            "version": "v1.3.0",
            "source": {
                "type": "git",
                "url": "https://github.com/nikic/FastRoute.git",
                "reference": "181d480e08d9476e61381e04a71b34dc0432e812"
            },
            "dist": {
                "type": "zip",
                "url": "https://api.github.com/repos/nikic/FastRoute/zipball/181d480e08d9476e61381e04a71b34dc0432e812",
                "reference": "181d480e08d9476e61381e04a71b34dc0432e812",
                "shasum": ""
            },
            "require": {
                "php": ">=5.4.0"
            },
            "require-dev": {
                "phpunit/phpunit": "^4.8.35|~5.7"
            },
            "type": "library",
            "autoload": {
                "files": [
                    "src/functions.php"
                ],
                "psr-4": {
                    "FastRoute\\": "src/"
                }
            },
            "notification-url": "https://packagist.org/downloads/",
            "license": [
                "BSD-3-Clause"
            ],
            "authors": [
                {
                    "name": "Nikita Popov",
                    "email": "nikic@php.net"
                }
            ],
            "description": "Fast request router for PHP",
            "keywords": [
                "router",
                "routing"
            ],
            "support": {
                "issues": "https://github.com/nikic/FastRoute/issues",
                "source": "https://github.com/nikic/FastRoute/tree/master"
            },
            "time": "2018-02-13T20:26:39+00:00"
        },
        {
            "name": "phpnomad/auth",
            "version": "1.0.0",
            "source": {
                "type": "git",
                "url": "https://github.com/phpnomad/auth.git",
                "reference": "a9da134a4b8f739a754345116ed45f3a7650e2cd"
            },
            "dist": {
                "type": "zip",
                "url": "https://api.github.com/repos/phpnomad/auth/zipball/a9da134a4b8f739a754345116ed45f3a7650e2cd",
                "reference": "a9da134a4b8f739a754345116ed45f3a7650e2cd",
                "shasum": ""
            },
            "require": {
                "phpnomad/enum-polyfill": "^1.0",
                "phpnomad/event": "^1.0"
            },
            "require-dev": {
                "phpnomad/tests": "^0.1.0"
            },
            "type": "library",
            "autoload": {
                "psr-4": {
                    "PHPNomad\\Auth\\": "lib/"
                }
            },
            "notification-url": "https://packagist.org/downloads/",
            "license": [
                "MIT"
            ],
            "authors": [
                {
                    "name": "Alex Standiford",
                    "email": "alex@standiford.us"
                }
            ],
            "homepage": "https://github.com/phpnomad/core",
            "support": {
                "issues": "https://github.com/phpnomad/auth/issues",
                "source": "https://github.com/phpnomad/auth/tree/1.0.0"
            },
            "time": "2024-12-18T17:04:00+00:00"
        },
        {
            "name": "phpnomad/cache",
            "version": "1.0.1",
            "source": {
                "type": "git",
                "url": "https://github.com/phpnomad/cache.git",
                "reference": "b645e87aaef9088a8064250035b6519a80d80a44"
            },
            "dist": {
                "type": "zip",
                "url": "https://api.github.com/repos/phpnomad/cache/zipball/b645e87aaef9088a8064250035b6519a80d80a44",
                "reference": "b645e87aaef9088a8064250035b6519a80d80a44",
                "shasum": ""
            },
            "require": {
                "phpnomad/enum-polyfill": "^1.0",
                "phpnomad/logger": "^1.0",
                "phpnomad/utils": "^1.0"
            },
            "require-dev": {
                "phpnomad/tests": "^0.1.0 || ^0.3.0"
            },
            "type": "library",
            "autoload": {
                "psr-4": {
                    "PHPNomad\\Cache\\": "lib/"
                }
            },
            "notification-url": "https://packagist.org/downloads/",
            "license": [
                "MIT"
            ],
            "authors": [
                {
                    "name": "Alex Standiford",
                    "email": "alex@standiford.us"
                }
            ],
            "homepage": "https://github.com/phpnomad/core",
            "support": {
                "issues": "https://github.com/phpnomad/cache/issues",
                "source": "https://github.com/phpnomad/cache/tree/1.0.1"
            },
            "time": "2025-01-13T13:59:22+00:00"
        },
        {
            "name": "phpnomad/di",
            "version": "1.0.0",
            "source": {
                "type": "git",
                "url": "https://github.com/phpnomad/di.git",
                "reference": "e1719564d580062ae5369b364ab1c8fd3acb2e53"
            },
            "dist": {
                "type": "zip",
                "url": "https://api.github.com/repos/phpnomad/di/zipball/e1719564d580062ae5369b364ab1c8fd3acb2e53",
                "reference": "e1719564d580062ae5369b364ab1c8fd3acb2e53",
                "shasum": ""
            },
            "require": {
                "phpnomad/utils": "^1.0"
            },
            "require-dev": {
                "phpnomad/tests": "^0.1.0"
            },
            "type": "library",
            "autoload": {
                "psr-4": {
                    "PHPNomad\\Di\\": "lib/"
                }
            },
            "notification-url": "https://packagist.org/downloads/",
            "license": [
                "MIT"
            ],
            "authors": [
                {
                    "name": "Alex Standiford",
                    "email": "alex@standiford.us"
                }
            ],
            "homepage": "https://github.com/phpnomad/core",
            "support": {
                "issues": "https://github.com/phpnomad/di/issues",
                "source": "https://github.com/phpnomad/di/tree/1.0.0"
            },
            "time": "2024-12-18T17:09:23+00:00"
        },
        {
            "name": "phpnomad/enum-polyfill",
            "version": "1.0.1",
            "source": {
                "type": "git",
                "url": "https://github.com/phpnomad/enum-polyfill.git",
                "reference": "0502689aa07ddeff67421ed57120f693f096a6ed"
            },
            "dist": {
                "type": "zip",
                "url": "https://api.github.com/repos/phpnomad/enum-polyfill/zipball/0502689aa07ddeff67421ed57120f693f096a6ed",
                "reference": "0502689aa07ddeff67421ed57120f693f096a6ed",
                "shasum": ""
            },
            "require": {
                "phpnomad/singleton": "^1.0"
            },
            "require-dev": {
                "phpnomad/tests": "^0.1.0 || ^0.3.0"
            },
            "type": "library",
            "autoload": {
                "psr-4": {
                    "PHPNomad\\Enum\\": "lib/"
                }
            },
            "notification-url": "https://packagist.org/downloads/",
            "license": [
                "MIT"
            ],
            "authors": [
                {
                    "name": "Alex Standiford",
                    "email": "alex@standiford.us"
                }
            ],
            "homepage": "https://github.com/phpnomad/core",
            "support": {
                "issues": "https://github.com/phpnomad/enum-polyfill/issues",
                "source": "https://github.com/phpnomad/enum-polyfill/tree/1.0.1"
            },
            "time": "2025-01-13T11:51:33+00:00"
        },
        {
            "name": "phpnomad/event",
            "version": "1.0.0",
            "source": {
                "type": "git",
                "url": "https://github.com/phpnomad/event.git",
                "reference": "c2f8f4c19bfd017086dbffb0510e20b06d7fa533"
            },
            "dist": {
                "type": "zip",
                "url": "https://api.github.com/repos/phpnomad/event/zipball/c2f8f4c19bfd017086dbffb0510e20b06d7fa533",
                "reference": "c2f8f4c19bfd017086dbffb0510e20b06d7fa533",
                "shasum": ""
            },
            "require-dev": {
                "phpnomad/tests": "^0.1.0"
            },
            "type": "library",
            "autoload": {
                "psr-4": {
                    "PHPNomad\\Events\\": "lib/"
                }
            },
            "notification-url": "https://packagist.org/downloads/",
            "license": [
                "MIT"
            ],
            "authors": [
                {
                    "name": "Alex Standiford",
                    "email": "alex@standiford.us"
                }
            ],
            "homepage": "https://github.com/phpnomad/core",
            "support": {
                "issues": "https://github.com/phpnomad/event/issues",
                "source": "https://github.com/phpnomad/event/tree/1.0.0"
            },
            "time": "2024-12-18T17:10:47+00:00"
        },
        {
            "name": "phpnomad/facade",
            "version": "1.0.0",
            "source": {
                "type": "git",
                "url": "https://github.com/phpnomad/facade.git",
                "reference": "225c9a743d7f57410a78d8923a086bda1b6aa2fa"
            },
            "dist": {
                "type": "zip",
                "url": "https://api.github.com/repos/phpnomad/facade/zipball/225c9a743d7f57410a78d8923a086bda1b6aa2fa",
                "reference": "225c9a743d7f57410a78d8923a086bda1b6aa2fa",
                "shasum": ""
            },
            "require-dev": {
                "phpnomad/di": "^1.0",
                "phpnomad/logger": "^1.0",
                "phpnomad/tests": "^0.1.0"
            },
            "type": "library",
            "autoload": {
                "psr-4": {
                    "PHPNomad\\Facade\\": "lib/"
                }
            },
            "notification-url": "https://packagist.org/downloads/",
            "license": [
                "MIT"
            ],
            "authors": [
                {
                    "name": "Alex Standiford",
                    "email": "alex@standiford.us"
                }
            ],
            "homepage": "https://github.com/phpnomad/core",
            "support": {
                "issues": "https://github.com/phpnomad/facade/issues",
                "source": "https://github.com/phpnomad/facade/tree/1.0.0"
            },
            "time": "2024-12-18T17:11:21+00:00"
        },
        {
            "name": "phpnomad/http",
            "version": "1.0.1",
            "source": {
                "type": "git",
                "url": "https://github.com/phpnomad/http.git",
                "reference": "1c63d44e95b4f02d2b40194522b8502e911f7f40"
            },
            "dist": {
                "type": "zip",
                "url": "https://api.github.com/repos/phpnomad/http/zipball/1c63d44e95b4f02d2b40194522b8502e911f7f40",
                "reference": "1c63d44e95b4f02d2b40194522b8502e911f7f40",
                "shasum": ""
            },
            "require": {
                "phpnomad/auth": "^1.0",
                "phpnomad/enum-polyfill": "^1.0"
            },
            "require-dev": {
                "phpnomad/tests": "^0.1.0 || ^0.3.0"
            },
            "type": "library",
            "autoload": {
                "psr-4": {
                    "PHPNomad\\Http\\": "lib/"
                }
            },
            "notification-url": "https://packagist.org/downloads/",
            "license": [
                "MIT"
            ],
            "authors": [
                {
                    "name": "Alex Standiford",
                    "email": "alex@standiford.us"
                }
            ],
            "description": "Foundational components for working with HTTP request/responses.",
            "homepage": "https://github.com/phpnomad/core",
            "support": {
                "issues": "https://github.com/phpnomad/http/issues",
                "source": "https://github.com/phpnomad/http/tree/1.0.1"
            },
            "time": "2025-01-13T15:35:26+00:00"
        },
        {
            "name": "phpnomad/loader",
            "version": "1.0.0",
            "source": {
                "type": "git",
                "url": "https://github.com/phpnomad/loader.git",
                "reference": "b1115725794795997bd1e5384e811fc689be2940"
            },
            "dist": {
                "type": "zip",
                "url": "https://api.github.com/repos/phpnomad/loader/zipball/b1115725794795997bd1e5384e811fc689be2940",
                "reference": "b1115725794795997bd1e5384e811fc689be2940",
                "shasum": ""
            },
            "require": {
                "phpnomad/di": "^1.0",
                "phpnomad/facade": "^1.0",
                "phpnomad/mutator": "^1.0",
                "phpnomad/update": "^1.0",
                "phpnomad/utils": "^1.0"
            },
            "require-dev": {
                "phpnomad/tests": "^0.1.0"
            },
            "type": "library",
            "autoload": {
                "psr-4": {
                    "PHPNomad\\Loader\\": "lib/"
                }
            },
            "notification-url": "https://packagist.org/downloads/",
            "license": [
                "MIT"
            ],
            "authors": [
                {
                    "name": "Alex Standiford",
                    "email": "alex@standiford.us"
                }
            ],
            "homepage": "https://github.com/phpnomad/core",
            "support": {
                "issues": "https://github.com/phpnomad/loader/issues",
                "source": "https://github.com/phpnomad/loader/tree/1.0.0"
            },
            "time": "2024-12-18T16:20:14+00:00"
        },
        {
            "name": "phpnomad/logger",
            "version": "1.0.0",
            "source": {
                "type": "git",
                "url": "https://github.com/phpnomad/logger.git",
                "reference": "4d6de87bc06ad5a70668578fa80bf9cd68fc58ec"
            },
            "dist": {
                "type": "zip",
                "url": "https://api.github.com/repos/phpnomad/logger/zipball/4d6de87bc06ad5a70668578fa80bf9cd68fc58ec",
                "reference": "4d6de87bc06ad5a70668578fa80bf9cd68fc58ec",
                "shasum": ""
            },
            "require-dev": {
                "phpnomad/di": "^1.0",
                "phpnomad/facade": "^1.0",
                "phpnomad/singleton": "^1.0",
                "phpnomad/tests": "^0.1.0"
            },
            "type": "library",
            "autoload": {
                "psr-4": {
                    "PHPNomad\\Logger\\": "lib/"
                }
            },
            "notification-url": "https://packagist.org/downloads/",
            "license": [
                "MIT"
            ],
            "authors": [
                {
                    "name": "Alex Standiford",
                    "email": "alex@standiford.us"
                }
            ],
            "homepage": "https://github.com/phpnomad/core",
            "support": {
                "issues": "https://github.com/phpnomad/logger/issues",
                "source": "https://github.com/phpnomad/logger/tree/1.0.0"
            },
            "time": "2024-12-18T17:18:00+00:00"
        },
        {
            "name": "phpnomad/mutator",
            "version": "1.0.0",
            "source": {
                "type": "git",
                "url": "https://github.com/phpnomad/mutator.git",
                "reference": "d1c2f8a845b5104442f52ef81c362bf5f4dc90b9"
            },
            "dist": {
                "type": "zip",
                "url": "https://api.github.com/repos/phpnomad/mutator/zipball/d1c2f8a845b5104442f52ef81c362bf5f4dc90b9",
                "reference": "d1c2f8a845b5104442f52ef81c362bf5f4dc90b9",
                "shasum": ""
            },
            "require-dev": {
                "phoenix/tests": "^0.1.0"
            },
            "type": "library",
            "autoload": {
                "psr-4": {
                    "PHPNomad\\Mutator\\": "lib/"
                }
            },
            "notification-url": "https://packagist.org/downloads/",
            "license": [
                "MIT"
            ],
            "authors": [
                {
                    "name": "Alex Standiford",
                    "email": "alex@standiford.us"
                }
            ],
            "homepage": "https://github.com/phoenix/core",
            "support": {
                "issues": "https://github.com/phpnomad/mutator/issues",
                "source": "https://github.com/phpnomad/mutator/tree/1.0.0"
            },
            "time": "2024-12-18T16:20:52+00:00"
        },
        {
            "name": "phpnomad/rest",
            "version": "2.0.1",
            "source": {
                "type": "git",
                "url": "https://github.com/phpnomad/rest.git",
                "reference": "bb214f65fa94eff173f0678eafe1840efc74a508"
            },
            "dist": {
                "type": "zip",
                "url": "https://api.github.com/repos/phpnomad/rest/zipball/bb214f65fa94eff173f0678eafe1840efc74a508",
                "reference": "bb214f65fa94eff173f0678eafe1840efc74a508",
                "shasum": ""
            },
            "require": {
                "phpnomad/auth": "^1.0",
                "phpnomad/cache": "^1.0",
                "phpnomad/enum-polyfill": "^1.0",
                "phpnomad/event": "^1.0",
                "phpnomad/http": "^1.0",
                "phpnomad/utils": "^1.0"
            },
            "require-dev": {
                "phpnomad/tests": "^0.1.0 || ^0.3.0"
            },
            "type": "library",
            "autoload": {
                "psr-4": {
                    "PHPNomad\\Rest\\": "lib/"
                }
            },
            "notification-url": "https://packagist.org/downloads/",
            "license": [
                "MIT"
            ],
            "authors": [
                {
                    "name": "Alex Standiford",
                    "email": "alex@standiford.us"
                }
            ],
            "homepage": "https://github.com/phpnomad/core",
            "support": {
                "issues": "https://github.com/phpnomad/rest/issues",
                "source": "https://github.com/phpnomad/rest/tree/2.0.1"
            },
            "time": "2025-01-13T21:24:08+00:00"
        },
        {
            "name": "phpnomad/singleton",
            "version": "1.0.0",
            "source": {
                "type": "git",
                "url": "https://github.com/phpnomad/singleton.git",
                "reference": "1770888712eec6d72c2e6f962d384fe6a2fb8307"
            },
            "dist": {
                "type": "zip",
                "url": "https://api.github.com/repos/phpnomad/singleton/zipball/1770888712eec6d72c2e6f962d384fe6a2fb8307",
                "reference": "1770888712eec6d72c2e6f962d384fe6a2fb8307",
                "shasum": ""
            },
            "require-dev": {
                "phpnomad/tests": "^0.1.0"
            },
            "type": "library",
            "autoload": {
                "psr-4": {
                    "PHPNomad\\Singleton\\": "lib/"
                }
            },
            "notification-url": "https://packagist.org/downloads/",
            "license": [
                "MIT"
            ],
            "authors": [
                {
                    "name": "Alex Standiford",
                    "email": "alex@standiford.us"
                }
            ],
            "homepage": "https://github.com/phpnomad/core",
            "support": {
                "issues": "https://github.com/phpnomad/singleton/issues",
                "source": "https://github.com/phpnomad/singleton/tree/1.0.0"
            },
            "time": "2024-12-18T17:25:13+00:00"
        },
        {
            "name": "phpnomad/update",
            "version": "1.0.0",
            "source": {
                "type": "git",
                "url": "https://github.com/phpnomad/update.git",
                "reference": "a64dfef8e6ed874dab36fa9c2613555bf5ae27b6"
            },
            "dist": {
                "type": "zip",
                "url": "https://api.github.com/repos/phpnomad/update/zipball/a64dfef8e6ed874dab36fa9c2613555bf5ae27b6",
                "reference": "a64dfef8e6ed874dab36fa9c2613555bf5ae27b6",
                "shasum": ""
            },
            "require": {
                "phpnomad/event": "^1.0"
            },
            "require-dev": {
                "phpnomad/tests": "^0.1.0"
            },
            "type": "library",
            "autoload": {
                "psr-4": {
                    "PHPNomad\\Update\\": "lib/"
                }
            },
            "notification-url": "https://packagist.org/downloads/",
            "license": [
                "MIT"
            ],
            "authors": [
                {
                    "name": "Alex Standiford",
                    "email": "alex@standiford.us"
                }
            ],
            "homepage": "https://github.com/phpnomad/update",
            "support": {
                "issues": "https://github.com/phpnomad/update/issues",
                "source": "https://github.com/phpnomad/update/tree/1.0.0"
            },
            "time": "2024-12-18T16:24:44+00:00"
        },
        {
            "name": "phpnomad/utils",
            "version": "1.0.0",
            "source": {
                "type": "git",
                "url": "https://github.com/phpnomad/utils.git",
                "reference": "1bdcf8437fd1143737425c57c1b01dccd5ca0652"
            },
            "dist": {
                "type": "zip",
                "url": "https://api.github.com/repos/phpnomad/utils/zipball/1bdcf8437fd1143737425c57c1b01dccd5ca0652",
                "reference": "1bdcf8437fd1143737425c57c1b01dccd5ca0652",
                "shasum": ""
            },
            "require-dev": {
                "phpnomad/tests": "^0.1.0"
            },
            "type": "library",
            "autoload": {
                "psr-4": {
                    "PHPNomad\\Utils\\": "lib/"
                }
            },
            "notification-url": "https://packagist.org/downloads/",
            "license": [
                "MIT"
            ],
            "authors": [
                {
                    "name": "Alex Standiford",
                    "email": "alex@standiford.us"
                }
            ],
            "homepage": "https://github.com/phpnomad/core",
            "support": {
                "issues": "https://github.com/phpnomad/utils/issues",
                "source": "https://github.com/phpnomad/utils/tree/1.0.0"
            },
            "time": "2024-12-18T17:29:56+00:00"
        }
    ],
    "packages-dev": [],
    "aliases": [],
    "minimum-stability": "dev",
    "stability-flags": [],
    "prefer-stable": true,
    "prefer-lowest": false,
    "platform": [],
    "platform-dev": [],
    "plugin-api-version": "2.3.0"
}
